
Microsoft Visual Studio Solution File, Format Version 12.00
# Visual Studio Version 16
VisualStudioVersion = 16.0.30413.136
MinimumVisualStudioVersion = 10.0.40219.1
Project("{FAE04EC0-301F-11D3-BF4B-00C04F79EFBC}") = "CPW215-QuarterProject", "CPW215-QuarterProject.csproj", "{90A8601F-B7D5-4CFE-A844-B826786876D1}"
EndProject
Global
	GlobalSection(SolutionConfigurationPlatforms) = preSolution
		Debug|Any CPU = Debug|Any CPU
		Release|Any CPU = Release|Any CPU
	EndGlobalSection
	GlobalSection(ProjectConfigurationPlatforms) = postSolution
		{90A8601F-B7D5-4CFE-A844-B826786876D1}.Debug|Any CPU.ActiveCfg = Debug|Any CPU
		{90A8601F-B7D5-4CFE-A844-B826786876D1}.Debug|Any CPU.Build.0 = Debug|Any CPU
		{90A8601F-B7D5-4CFE-A844-B826786876D1}.Release|Any CPU.ActiveCfg = Release|Any CPU
		{90A8601F-B7D5-4CFE-A844-B826786876D1}.Release|Any CPU.Build.0 = Release|Any CPU
	EndGlobalSection
	GlobalSection(SolutionProperties) = preSolution
		HideSolutionNode = FALSE
	EndGlobalSection
	GlobalSection(ExtensibilityGlobals) = postSolution
		SolutionGuid = {92FB43EF-6417-48A7-8FDE-B5DBD896CD67}
	EndGlobalSection
EndGlobal
